{
  "name": "DinomuLee-Wedding-Web",
  "lockfileVersion": 3,
  "requires": true,
  "packages": {
    "": {
      "dependencies": {
        "simplycountdown.js": "^1.7.0"
      }
    },
    "node_modules/simplycountdown.js": {
      "version": "1.7.0",
      "resolved": "https://registry.npmjs.org/simplycountdown.js/-/simplycountdown.js-1.7.0.tgz",
      "integrity": "sha512-UB5LVDVRuVyawYsrosoQ8qOwSdK4JLX8njkmTy5y8ECBQ/h3HGCt6XdYAlMYVHfqQ9egp7dOHZzAjo7+FHYYAw=="
    }
  }
}
